
Microsoft Visual Studio Solution File, Format Version 12.00
Project("{FAE04EC0-301F-11D3-BF4B-00C04F79EFBC}") = "UsersRegistration", "UsersRegistration\UsersRegistration.csproj", "{FA6CDFA3-1FDD-4BC0-BA6E-81196748E14D}"
EndProject
Project("{FAE04EC0-301F-11D3-BF4B-00C04F79EFBC}") = "UsersMessages", "UsersMessages\UsersMessages.csproj", "{9DB6230C-364A-45BC-90BD-F73BC9C0A493}"
EndProject
Project("{FAE04EC0-301F-11D3-BF4B-00C04F79EFBC}") = "ApiGateway", "ApiGateway\ApiGateway.csproj", "{2F589A29-E480-4D16-A03B-95612C3DEC0C}"
EndProject
Project("{FAE04EC0-301F-11D3-BF4B-00C04F79EFBC}") = "UnitTests", "UnitTests\UnitTests.csproj", "{98A47389-5F16-4E5A-A1F5-21CE80C81F17}"
EndProject
Global
	GlobalSection(SolutionConfigurationPlatforms) = preSolution
		Debug|Any CPU = Debug|Any CPU
		Release|Any CPU = Release|Any CPU
	EndGlobalSection
	GlobalSection(ProjectConfigurationPlatforms) = postSolution
		{FA6CDFA3-1FDD-4BC0-BA6E-81196748E14D}.Debug|Any CPU.ActiveCfg = Debug|Any CPU
		{FA6CDFA3-1FDD-4BC0-BA6E-81196748E14D}.Debug|Any CPU.Build.0 = Debug|Any CPU
		{FA6CDFA3-1FDD-4BC0-BA6E-81196748E14D}.Release|Any CPU.ActiveCfg = Release|Any CPU
		{FA6CDFA3-1FDD-4BC0-BA6E-81196748E14D}.Release|Any CPU.Build.0 = Release|Any CPU
		{9DB6230C-364A-45BC-90BD-F73BC9C0A493}.Debug|Any CPU.ActiveCfg = Debug|Any CPU
		{9DB6230C-364A-45BC-90BD-F73BC9C0A493}.Debug|Any CPU.Build.0 = Debug|Any CPU
		{9DB6230C-364A-45BC-90BD-F73BC9C0A493}.Release|Any CPU.ActiveCfg = Release|Any CPU
		{9DB6230C-364A-45BC-90BD-F73BC9C0A493}.Release|Any CPU.Build.0 = Release|Any CPU
		{2F589A29-E480-4D16-A03B-95612C3DEC0C}.Debug|Any CPU.ActiveCfg = Debug|Any CPU
		{2F589A29-E480-4D16-A03B-95612C3DEC0C}.Debug|Any CPU.Build.0 = Debug|Any CPU
		{2F589A29-E480-4D16-A03B-95612C3DEC0C}.Release|Any CPU.ActiveCfg = Release|Any CPU
		{2F589A29-E480-4D16-A03B-95612C3DEC0C}.Release|Any CPU.Build.0 = Release|Any CPU
		{98A47389-5F16-4E5A-A1F5-21CE80C81F17}.Debug|Any CPU.ActiveCfg = Debug|Any CPU
		{98A47389-5F16-4E5A-A1F5-21CE80C81F17}.Debug|Any CPU.Build.0 = Debug|Any CPU
		{98A47389-5F16-4E5A-A1F5-21CE80C81F17}.Release|Any CPU.ActiveCfg = Release|Any CPU
		{98A47389-5F16-4E5A-A1F5-21CE80C81F17}.Release|Any CPU.Build.0 = Release|Any CPU
	EndGlobalSection
EndGlobal
